// !$*UTF8*$!
{
	archiveVersion = 1;
	classes = {
	};
	objectVersion = 56;
	objects = {

/* Begin PBXBuildFile section */
		OBJ_App /* App.swift */ = {isa = PBXBuildFile; fileRef = OBJ_AppRef; };
		OBJ_GameModels /* GameModels.swift */ = {isa = PBXBuildFile; fileRef = OBJ_GameModelsRef; };
		OBJ_Statistics /* Statistics.swift */ = {isa = PBXBuildFile; fileRef = OBJ_StatisticsRef; };
		OBJ_StrategyChart /* StrategyChart.swift */ = {isa = PBXBuildFile; fileRef = OBJ_StrategyChartRef; };
		OBJ_ScenarioGenerator /* ScenarioGenerator.swift */ = {isa = PBXBuildFile; fileRef = OBJ_ScenarioGeneratorRef; };
		OBJ_StatisticsManager /* StatisticsManager.swift */ = {isa = PBXBuildFile; fileRef = OBJ_StatisticsManagerRef; };
		OBJ_NavigationState /* NavigationState.swift */ = {isa = PBXBuildFile; fileRef = OBJ_NavigationStateRef; };
		OBJ_TrainingSessionViewModel /* TrainingSessionViewModel.swift */ = {isa = PBXBuildFile; fileRef = OBJ_TrainingSessionViewModelRef; };
		OBJ_ActionButton /* ActionButton.swift */ = {isa = PBXBuildFile; fileRef = OBJ_ActionButtonRef; };
		OBJ_CardView /* CardView.swift */ = {isa = PBXBuildFile; fileRef = OBJ_CardViewRef; };
		OBJ_MenuItemView /* MenuItemView.swift */ = {isa = PBXBuildFile; fileRef = OBJ_MenuItemViewRef; };
		OBJ_StrategyGuideView /* StrategyGuideView.swift */ = {isa = PBXBuildFile; fileRef = OBJ_StrategyGuideViewRef; };
		OBJ_DealerGroupSelectionView /* DealerGroupSelectionView.swift */ = {isa = PBXBuildFile; fileRef = OBJ_DealerGroupSelectionViewRef; };
		OBJ_HandTypeSelectionView /* HandTypeSelectionView.swift */ = {isa = PBXBuildFile; fileRef = OBJ_HandTypeSelectionViewRef; };
		OBJ_MainMenuView /* MainMenuView.swift */ = {isa = PBXBuildFile; fileRef = OBJ_MainMenuViewRef; };
		OBJ_SessionStatsView /* SessionStatsView.swift */ = {isa = PBXBuildFile; fileRef = OBJ_SessionStatsViewRef; };
		OBJ_StatisticsView /* StatisticsView.swift */ = {isa = PBXBuildFile; fileRef = OBJ_StatisticsViewRef; };
		OBJ_FeedbackDisplayView /* FeedbackDisplayView.swift */ = {isa = PBXBuildFile; fileRef = OBJ_FeedbackDisplayViewRef; };
		OBJ_ScenarioDisplayView /* ScenarioDisplayView.swift */ = {isa = PBXBuildFile; fileRef = OBJ_ScenarioDisplayViewRef; };
		OBJ_TrainingSessionView /* TrainingSessionView.swift */ = {isa = PBXBuildFile; fileRef = OBJ_TrainingSessionViewRef; };
/* End PBXBuildFile section */

/* Begin PBXFileReference section */
		OBJ_AppRef = {isa = PBXFileReference; lastKnownFileType = sourcecode.swift; path = App.swift; sourceTree = "<group>"; };
		OBJ_InfoPlist = {isa = PBXFileReference; lastKnownFileType = text.plist; path = Info.plist; sourceTree = "<group>"; };
		OBJ_GameModelsRef = {isa = PBXFileReference; lastKnownFileType = sourcecode.swift; path = GameModels.swift; sourceTree = "<group>"; };
		OBJ_StatisticsRef = {isa = PBXFileReference; lastKnownFileType = sourcecode.swift; path = Statistics.swift; sourceTree = "<group>"; };
		OBJ_StrategyChartRef = {isa = PBXFileReference; lastKnownFileType = sourcecode.swift; path = StrategyChart.swift; sourceTree = "<group>"; };
		OBJ_ScenarioGeneratorRef = {isa = PBXFileReference; lastKnownFileType = sourcecode.swift; path = ScenarioGenerator.swift; sourceTree = "<group>"; };
		OBJ_StatisticsManagerRef = {isa = PBXFileReference; lastKnownFileType = sourcecode.swift; path = StatisticsManager.swift; sourceTree = "<group>"; };
		OBJ_NavigationStateRef = {isa = PBXFileReference; lastKnownFileType = sourcecode.swift; path = NavigationState.swift; sourceTree = "<group>"; };
		OBJ_TrainingSessionViewModelRef = {isa = PBXFileReference; lastKnownFileType = sourcecode.swift; path = TrainingSessionViewModel.swift; sourceTree = "<group>"; };
		OBJ_ActionButtonRef = {isa = PBXFileReference; lastKnownFileType = sourcecode.swift; path = ActionButton.swift; sourceTree = "<group>"; };
		OBJ_CardViewRef = {isa = PBXFileReference; lastKnownFileType = sourcecode.swift; path = CardView.swift; sourceTree = "<group>"; };
		OBJ_MenuItemViewRef = {isa = PBXFileReference; lastKnownFileType = sourcecode.swift; path = MenuItemView.swift; sourceTree = "<group>"; };
		OBJ_StrategyGuideViewRef = {isa = PBXFileReference; lastKnownFileType = sourcecode.swift; path = StrategyGuideView.swift; sourceTree = "<group>"; };
		OBJ_DealerGroupSelectionViewRef = {isa = PBXFileReference; lastKnownFileType = sourcecode.swift; path = DealerGroupSelectionView.swift; sourceTree = "<group>"; };
		OBJ_HandTypeSelectionViewRef = {isa = PBXFileReference; lastKnownFileType = sourcecode.swift; path = HandTypeSelectionView.swift; sourceTree = "<group>"; };
		OBJ_MainMenuViewRef = {isa = PBXFileReference; lastKnownFileType = sourcecode.swift; path = MainMenuView.swift; sourceTree = "<group>"; };
		OBJ_SessionStatsViewRef = {isa = PBXFileReference; lastKnownFileType = sourcecode.swift; path = SessionStatsView.swift; sourceTree = "<group>"; };
		OBJ_StatisticsViewRef = {isa = PBXFileReference; lastKnownFileType = sourcecode.swift; path = StatisticsView.swift; sourceTree = "<group>"; };
		OBJ_FeedbackDisplayViewRef = {isa = PBXFileReference; lastKnownFileType = sourcecode.swift; path = FeedbackDisplayView.swift; sourceTree = "<group>"; };
		OBJ_ScenarioDisplayViewRef = {isa = PBXFileReference; lastKnownFileType = sourcecode.swift; path = ScenarioDisplayView.swift; sourceTree = "<group>"; };
		OBJ_TrainingSessionViewRef = {isa = PBXFileReference; lastKnownFileType = sourcecode.swift; path = TrainingSessionView.swift; sourceTree = "<group>"; };
		OBJ_Product = {isa = PBXFileReference; explicitFileType = wrapper.application; includeInIndex = 0; path = BlackjackTrainer.app; sourceTree = BUILT_PRODUCTS_DIR; };
/* End PBXFileReference section */

/* Begin PBXFrameworksBuildPhase section */
		OBJ_ProductFrameworks = {
			isa = PBXFrameworksBuildPhase;
			buildActionMask = 0;
			files = (
			);
			runOnlyForDeploymentPostprocessing = 0;
		};
/* End PBXFrameworksBuildPhase section */

/* Begin PBXGroup section */
		OBJ_Group = {
			isa = PBXGroup;
			children = (
				OBJ_BlackjackTrainerGroup,
				OBJ_ProductsGroup,
			);
			sourceTree = "<group>";
		};
		OBJ_BlackjackTrainerGroup = {
			isa = PBXGroup;
			name = BlackjackTrainer;
			path = BlackjackTrainer;
			sourceTree = "<group>";
			children = (
				OBJ_AppRef,
				OBJ_InfoPlist,
				OBJ_ModelsGroup,
				OBJ_ServicesGroup,
				OBJ_ViewModelsGroup,
				OBJ_ViewsGroup,
			);
		};
		OBJ_ModelsGroup = {
			isa = PBXGroup;
			name = Models;
			path = Models;
			sourceTree = "<group>";
			children = (
				OBJ_GameModelsRef,
				OBJ_StatisticsRef,
				OBJ_StrategyChartRef,
			);
		};
		OBJ_ServicesGroup = {
			isa = PBXGroup;
			name = Services;
			path = Services;
			sourceTree = "<group>";
			children = (
				OBJ_ScenarioGeneratorRef,
				OBJ_StatisticsManagerRef,
			);
		};
		OBJ_ViewModelsGroup = {
			isa = PBXGroup;
			name = ViewModels;
			path = ViewModels;
			sourceTree = "<group>";
			children = (
				OBJ_NavigationStateRef,
				OBJ_TrainingSessionViewModelRef,
			);
		};
		OBJ_ViewsGroup = {
			isa = PBXGroup;
			name = Views;
			path = Views;
			sourceTree = "<group>";
			children = (
				OBJ_ComponentsGroup,
				OBJ_GuideGroup,
				OBJ_MenuGroup,
				OBJ_StatisticsGroupViews,
				OBJ_TrainingGroup,
			);
		};
		OBJ_ComponentsGroup = {
			isa = PBXGroup;
			name = Components;
			path = Components;
			sourceTree = "<group>";
			children = (
				OBJ_ActionButtonRef,
				OBJ_CardViewRef,
				OBJ_MenuItemViewRef,
			);
		};
		OBJ_GuideGroup = {
			isa = PBXGroup;
			name = Guide;
			path = Guide;
			sourceTree = "<group>";
			children = (
				OBJ_StrategyGuideViewRef,
			);
		};
		OBJ_MenuGroup = {
			isa = PBXGroup;
			name = Menu;
			path = Menu;
			sourceTree = "<group>";
			children = (
				OBJ_DealerGroupSelectionViewRef,
				OBJ_HandTypeSelectionViewRef,
				OBJ_MainMenuViewRef,
			);
		};
		OBJ_StatisticsGroupViews = {
			isa = PBXGroup;
			name = Statistics;
			path = Statistics;
			sourceTree = "<group>";
			children = (
				OBJ_SessionStatsViewRef,
				OBJ_StatisticsViewRef,
			);
		};
		OBJ_TrainingGroup = {
			isa = PBXGroup;
			name = Training;
			path = Training;
			sourceTree = "<group>";
			children = (
				OBJ_FeedbackDisplayViewRef,
				OBJ_ScenarioDisplayViewRef,
				OBJ_TrainingSessionViewRef,
			);
		};
		OBJ_ProductsGroup = {
			isa = PBXGroup;
			children = (
				OBJ_Product,
			);
			name = Products;
			sourceTree = BUILT_PRODUCTS_DIR;
		};
/* End PBXGroup section */

/* Begin PBXNativeTarget section */
		OBJ_BlackjackTrainerTarget = {
			isa = PBXNativeTarget;
			buildConfigurationList = OBJ_BlackjackTrainerConfigs;
			buildPhases = (
				OBJ_SourcesBuildPhase,
				OBJ_ProductFrameworks,
			);
			dependencies = (
			);
			name = BlackjackTrainer;
			productName = BlackjackTrainer;
			productReference = OBJ_Product;
			productType = "com.apple.product-type.application";
		};
/* End PBXNativeTarget section */

/* Begin PBXProject section */
		OBJ_Project = {
			isa = PBXProject;
			attributes = {
				LastSwiftUpdateCheck = 1640;
				LastUpgradeCheck = 1640;
			};
			buildConfigurationList = OBJ_RootConfigs;
			compatibilityVersion = "Xcode 14.0";
			developmentRegion = en;
			hasScannedForEncodings = 0;
			knownRegions = (
				Base,
				en,
			);
			mainGroup = OBJ_Group;
			productRefGroup = OBJ_ProductsGroup;
			projectDirPath = "";
			projectRoot = "";
			targets = (
				OBJ_BlackjackTrainerTarget,
			);
		};
/* End PBXProject section */

/* Begin PBXSourcesBuildPhase section */
		OBJ_SourcesBuildPhase = {
			isa = PBXSourcesBuildPhase;
			buildActionMask = 0;
			files = (
				OBJ_App,
				OBJ_GameModels,
				OBJ_Statistics,
				OBJ_StrategyChart,
				OBJ_ScenarioGenerator,
				OBJ_StatisticsManager,
				OBJ_NavigationState,
				OBJ_TrainingSessionViewModel,
				OBJ_ActionButton,
				OBJ_CardView,
				OBJ_MenuItemView,
				OBJ_StrategyGuideView,
				OBJ_DealerGroupSelectionView,
				OBJ_HandTypeSelectionView,
				OBJ_MainMenuView,
				OBJ_SessionStatsView,
				OBJ_StatisticsView,
				OBJ_FeedbackDisplayView,
				OBJ_ScenarioDisplayView,
				OBJ_TrainingSessionView,
			);
			runOnlyForDeploymentPostprocessing = 0;
		};
/* End PBXSourcesBuildPhase section */

/* Begin XCBuildConfiguration section */
		OBJ_DebugConfig = {
			isa = XCBuildConfiguration;
			buildSettings = {
				CLANG_ENABLE_OBJC_ARC = YES;
				COMBINE_HIDPI_IMAGES = YES;
				COPY_PHASE_STRIP = NO;
				DEBUG_INFORMATION_FORMAT = dwarf;
				DYLIB_INSTALL_NAME_BASE = "@rpath";
				ENABLE_NS_ASSERTIONS = YES;
				GCC_OPTIMIZATION_LEVEL = 0;
				GCC_PREPROCESSOR_DEFINITIONS = (
					"DEBUG=1",
					"$(inherited)",
				);
				MACOSX_DEPLOYMENT_TARGET = 14.0;
				ONLY_ACTIVE_ARCH = YES;
				OTHER_SWIFT_FLAGS = "-DXcode";
				PRODUCT_NAME = "$(TARGET_NAME)";
				SDKROOT = auto;
				SUPPORTED_PLATFORMS = "iphoneos iphonesimulator";
				SUPPORTS_MACCATALYST = NO;
				SUPPORTS_MAC_DESIGNED_FOR_IPHONE_IPAD = NO;
				SWIFT_ACTIVE_COMPILATION_CONDITIONS = "DEBUG";
				SWIFT_OPTIMIZATION_LEVEL = "-Onone";
				USE_HEADERMAP = NO;
			};
			name = Debug;
		};
		OBJ_ReleaseConfig = {
			isa = XCBuildConfiguration;
			buildSettings = {
				CLANG_ENABLE_OBJC_ARC = YES;
				COMBINE_HIDPI_IMAGES = YES;
				COPY_PHASE_STRIP = YES;
				DEBUG_INFORMATION_FORMAT = "dwarf-with-dsym";
				DYLIB_INSTALL_NAME_BASE = "@rpath";
				GCC_OPTIMIZATION_LEVEL = s;
				MACOSX_DEPLOYMENT_TARGET = 14.0;
				OTHER_SWIFT_FLAGS = "-DXcode";
				PRODUCT_NAME = "$(TARGET_NAME)";
				SDKROOT = auto;
				SUPPORTED_PLATFORMS = "iphoneos iphonesimulator";
				SUPPORTS_MACCATALYST = NO;
				SUPPORTS_MAC_DESIGNED_FOR_IPHONE_IPAD = NO;
				SWIFT_OPTIMIZATION_LEVEL = "-Owholemodule";
				USE_HEADERMAP = NO;
			};
			name = Release;
		};
		OBJ_DebugConfigApp = {
			isa = XCBuildConfiguration;
			buildSettings = {
				ASSETCATALOG_COMPILER_APPICON_NAME = AppIcon;
				CODE_SIGN_STYLE = Automatic;
				DEVELOPMENT_TEAM = "";
				INFOPLIST_FILE = BlackjackTrainer/Info.plist;
				LD_RUNPATH_SEARCH_PATHS = "$(inherited) @executable_path/Frameworks";
				PRODUCT_BUNDLE_IDENTIFIER = "com.blackjacktrainer.app";
				PRODUCT_NAME = BlackjackTrainer;
				SDKROOT = iphoneos;
				SWIFT_VERSION = 5.0;
				TARGETED_DEVICE_FAMILY = "1,2";
				IPHONEOS_DEPLOYMENT_TARGET = 17.0;
			};
			name = Debug;
		};
		OBJ_ReleaseConfigApp = {
			isa = XCBuildConfiguration;
			buildSettings = {
				ASSETCATALOG_COMPILER_APPICON_NAME = AppIcon;
				CODE_SIGN_STYLE = Automatic;
				DEVELOPMENT_TEAM = "";
				INFOPLIST_FILE = BlackjackTrainer/Info.plist;
				LD_RUNPATH_SEARCH_PATHS = "$(inherited) @executable_path/Frameworks";
				PRODUCT_BUNDLE_IDENTIFIER = "com.blackjacktrainer.app";
				PRODUCT_NAME = BlackjackTrainer;
				SDKROOT = iphoneos;
				SWIFT_VERSION = 5.0;
				TARGETED_DEVICE_FAMILY = "1,2";
				IPHONEOS_DEPLOYMENT_TARGET = 17.0;
			};
			name = Release;
		};
/* End XCBuildConfiguration section */

/* Begin XCConfigurationList section */
		OBJ_RootConfigs = {
			isa = XCConfigurationList;
			buildConfigurations = (
				OBJ_DebugConfig,
				OBJ_ReleaseConfig,
			);
			defaultConfigurationIsVisible = 0;
			defaultConfigurationName = Release;
		};
		OBJ_BlackjackTrainerConfigs = {
			isa = XCConfigurationList;
			buildConfigurations = (
				OBJ_DebugConfigApp,
				OBJ_ReleaseConfigApp,
			);
			defaultConfigurationIsVisible = 0;
			defaultConfigurationName = Release;
		};
/* End XCConfigurationList section */
	};
	rootObject = OBJ_Project;
}